// !$*UTF8*$!
{
	archiveVersion = 1;
	classes = {
	};
	objectVersion = 77;
	objects = {

/* Begin PBXBuildFile section */
		6349589A2F7C17CA00622982 /* GoogleMobileAds in Frameworks */ = {isa = PBXBuildFile; productRef = 6349589B2F7C17CA00622982 /* GoogleMobileAds */; };
		63E439652FBB1E9B00E4475D /* StoreKit.framework in Frameworks */ = {isa = PBXBuildFile; fileRef = 63E439642FBB1E9B00E4475D /* StoreKit.framework */; };
		7A0000012F7C20000000ZIP1 /* ZIPFoundation in Frameworks */ = {isa = PBXBuildFile; productRef = 7A0000022F7C20000000ZIP2 /* ZIPFoundation */; };
		7B11AAA12FB0972000F0894C /* GoogleUserMessagingPlatform in Frameworks */ = {isa = PBXBuildFile; productRef = 7B11AAA22FB0972000F0894C /* GoogleUserMessagingPlatform */; };
/* End PBXBuildFile section */

/* Begin PBXContainerItemProxy section */
		63FED3512FB1D1FA0015F664 /* PBXContainerItemProxy */ = {
			isa = PBXContainerItemProxy;
			containerPortal = 634958322F7C17C900622982 /* Project object */;
			proxyType = 1;
			remoteGlobalIDString = 634958392F7C17C900622982;
			remoteInfo = PairShot;
		};
/* End PBXContainerItemProxy section */

/* Begin PBXFileReference section */
		6349583A2F7C17C900622982 /* PairShot.app */ = {isa = PBXFileReference; explicitFileType = wrapper.application; includeInIndex = 0; path = PairShot.app; sourceTree = BUILT_PRODUCTS_DIR; };
		63E439642FBB1E9B00E4475D /* StoreKit.framework */ = {isa = PBXFileReference; lastKnownFileType = wrapper.framework; name = StoreKit.framework; path = System/Library/Frameworks/StoreKit.framework; sourceTree = SDKROOT; };
		63FED34D2FB1D1FA0015F664 /* PairShotTests.xctest */ = {isa = PBXFileReference; explicitFileType = wrapper.cfbundle; includeInIndex = 0; path = PairShotTests.xctest; sourceTree = BUILT_PRODUCTS_DIR; };
		7A0000112F7C30000000XCD1 /* Debug.xcconfig */ = {isa = PBXFileReference; lastKnownFileType = text.xcconfig; name = Debug.xcconfig; path = PairShot/Config/Debug.xcconfig; sourceTree = "<group>"; };
		7A0000122F7C30000000XCR1 /* Release.xcconfig */ = {isa = PBXFileReference; lastKnownFileType = text.xcconfig; name = Release.xcconfig; path = PairShot/Config/Release.xcconfig; sourceTree = "<group>"; };
/* End PBXFileReference section */

/* Begin PBXFileSystemSynchronizedBuildFileExceptionSet section */
		6349589D2F7C17CA00622982 /* Exceptions for "PairShot" folder in "PairShot" target */ = {
			isa = PBXFileSystemSynchronizedBuildFileExceptionSet;
			membershipExceptions = (
				Config/Debug.xcconfig,
				Config/Release.xcconfig,
				Info.plist,
			);
			target = 634958392F7C17C900622982 /* PairShot */;
		};
/* End PBXFileSystemSynchronizedBuildFileExceptionSet section */

/* Begin PBXFileSystemSynchronizedRootGroup section */
		6349583C2F7C17C900622982 /* PairShot */ = {
			isa = PBXFileSystemSynchronizedRootGroup;
			exceptions = (
				6349589D2F7C17CA00622982 /* Exceptions for "PairShot" folder in "PairShot" target */,
			);
			path = PairShot;
			sourceTree = "<group>";
		};
		63FED34E2FB1D1FA0015F664 /* PairShotTests */ = {
			isa = PBXFileSystemSynchronizedRootGroup;
			path = PairShotTests;
			sourceTree = "<group>";
		};
/* End PBXFileSystemSynchronizedRootGroup section */

/* Begin PBXFrameworksBuildPhase section */
		634958372F7C17C900622982 /* Frameworks */ = {
			isa = PBXFrameworksBuildPhase;
			buildActionMask = 2147483647;
			files = (
				6349589A2F7C17CA00622982 /* GoogleMobileAds in Frameworks */,
				7B11AAA12FB0972000F0894C /* GoogleUserMessagingPlatform in Frameworks */,
				7A0000012F7C20000000ZIP1 /* ZIPFoundation in Frameworks */,
				63E439652FBB1E9B00E4475D /* StoreKit.framework in Frameworks */,
			);
			runOnlyForDeploymentPostprocessing = 0;
		};
		63FED34A2FB1D1FA0015F664 /* Frameworks */ = {
			isa = PBXFrameworksBuildPhase;
			buildActionMask = 2147483647;
			files = (
			);
			runOnlyForDeploymentPostprocessing = 0;
		};
/* End PBXFrameworksBuildPhase section */

/* Begin PBXGroup section */
		634958312F7C17C900622982 = {
			isa = PBXGroup;
			children = (
				6349583C2F7C17C900622982 /* PairShot */,
				63FED34E2FB1D1FA0015F664 /* PairShotTests */,
				6349583B2F7C17C900622982 /* Products */,
				7A0000132F7C30000000XCG1 /* Config */,
				63E439632FBB1E9B00E4475D /* Frameworks */,
			);
			sourceTree = "<group>";
		};
		6349583B2F7C17C900622982 /* Products */ = {
			isa = PBXGroup;
			children = (
				6349583A2F7C17C900622982 /* PairShot.app */,
				63FED34D2FB1D1FA0015F664 /* PairShotTests.xctest */,
			);
			name = Products;
			sourceTree = "<group>";
		};
		63E439632FBB1E9B00E4475D /* Frameworks */ = {
			isa = PBXGroup;
			children = (
				63E439642FBB1E9B00E4475D /* StoreKit.framework */,
			);
			name = Frameworks;
			sourceTree = "<group>";
		};
		7A0000132F7C30000000XCG1 /* Config */ = {
			isa = PBXGroup;
			children = (
				7A0000112F7C30000000XCD1 /* Debug.xcconfig */,
				7A0000122F7C30000000XCR1 /* Release.xcconfig */,
			);
			name = Config;
			sourceTree = "<group>";
		};
/* End PBXGroup section */

/* Begin PBXNativeTarget section */
		634958392F7C17C900622982 /* PairShot */ = {
			isa = PBXNativeTarget;
			buildConfigurationList = 6349585D2F7C17CA00622982 /* Build configuration list for PBXNativeTarget "PairShot" */;
			buildPhases = (
				634958362F7C17C900622982 /* Sources */,
				634958372F7C17C900622982 /* Frameworks */,
				634958382F7C17C900622982 /* Resources */,
			);
			buildRules = (
			);
			dependencies = (
			);
			fileSystemSynchronizedGroups = (
				6349583C2F7C17C900622982 /* PairShot */,
			);
			name = PairShot;
			packageProductDependencies = (
				6349589B2F7C17CA00622982 /* GoogleMobileAds */,
				7B11AAA22FB0972000F0894C /* GoogleUserMessagingPlatform */,
				7A0000022F7C20000000ZIP2 /* ZIPFoundation */,
			);
			productName = PairShot;
			productReference = 6349583A2F7C17C900622982 /* PairShot.app */;
			productType = "com.apple.product-type.application";
		};
		63FED34C2FB1D1FA0015F664 /* PairShotTests */ = {
			isa = PBXNativeTarget;
			buildConfigurationList = 63FED3532FB1D1FA0015F664 /* Build configuration list for PBXNativeTarget "PairShotTests" */;
			buildPhases = (
				63FED3492FB1D1FA0015F664 /* Sources */,
				63FED34A2FB1D1FA0015F664 /* Frameworks */,
				63FED34B2FB1D1FA0015F664 /* Resources */,
			);
			buildRules = (
			);
			dependencies = (
				63FED3522FB1D1FA0015F664 /* PBXTargetDependency */,
			);
			fileSystemSynchronizedGroups = (
				63FED34E2FB1D1FA0015F664 /* PairShotTests */,
			);
			name = PairShotTests;
			packageProductDependencies = (
			);
			productName = PairShotTests;
			productReference = 63FED34D2FB1D1FA0015F664 /* PairShotTests.xctest */;
			productType = "com.apple.product-type.bundle.unit-test";
		};
/* End PBXNativeTarget section */

/* Begin PBXProject section */
		634958322F7C17C900622982 /* Project object */ = {
			isa = PBXProject;
			attributes = {
				BuildIndependentTargetsInParallel = 1;
				LastSwiftUpdateCheck = 2640;
				LastUpgradeCheck = 2640;
				TargetAttributes = {
					634958392F7C17C900622982 = {
						CreatedOnToolsVersion = 26.4;
					};
					63FED34C2FB1D1FA0015F664 = {
						CreatedOnToolsVersion = 26.4.1;
						TestTargetID = 634958392F7C17C900622982;
					};
				};
			};
			buildConfigurationList = 634958352F7C17C900622982 /* Build configuration list for PBXProject "PairShot" */;
			developmentRegion = ko;
			hasScannedForEncodings = 0;
			knownRegions = (
				en,
				Base,
				ko,
			);
			mainGroup = 634958312F7C17C900622982;
			minimizedProjectReferenceProxies = 1;
			packageReferences = (
				6349589C2F7C17CA00622982 /* XCRemoteSwiftPackageReference "swift-package-manager-google-mobile-ads" */,
				7B11AAA32FB0972000F0894C /* XCRemoteSwiftPackageReference "swift-package-manager-google-user-messaging-platform" */,
				7A0000032F7C20000000ZIP3 /* XCRemoteSwiftPackageReference "ZIPFoundation" */,
			);
			preferredProjectObjectVersion = 77;
			productRefGroup = 6349583B2F7C17C900622982 /* Products */;
			projectDirPath = "";
			projectRoot = "";
			targets = (
				634958392F7C17C900622982 /* PairShot */,
				63FED34C2FB1D1FA0015F664 /* PairShotTests */,
			);
		};
/* End PBXProject section */

/* Begin PBXResourcesBuildPhase section */
		634958382F7C17C900622982 /* Resources */ = {
			isa = PBXResourcesBuildPhase;
			buildActionMask = 2147483647;
			files = (
			);
			runOnlyForDeploymentPostprocessing = 0;
		};
		63FED34B2FB1D1FA0015F664 /* Resources */ = {
			isa = PBXResourcesBuildPhase;
			buildActionMask = 2147483647;
			files = (
			);
			runOnlyForDeploymentPostprocessing = 0;
		};
/* End PBXResourcesBuildPhase section */

/* Begin PBXSourcesBuildPhase section */
		634958362F7C17C900622982 /* Sources */ = {
			isa = PBXSourcesBuildPhase;
			buildActionMask = 2147483647;
			files = (
			);
			runOnlyForDeploymentPostprocessing = 0;
		};
		63FED3492FB1D1FA0015F664 /* Sources */ = {
			isa = PBXSourcesBuildPhase;
			buildActionMask = 2147483647;
			files = (
			);
			runOnlyForDeploymentPostprocessing = 0;
		};
/* End PBXSourcesBuildPhase section */

/* Begin PBXTargetDependency section */
		63FED3522FB1D1FA0015F664 /* PBXTargetDependency */ = {
			isa = PBXTargetDependency;
			target = 634958392F7C17C900622982 /* PairShot */;
			targetProxy = 63FED3512FB1D1FA0015F664 /* PBXContainerItemProxy */;
		};
/* End PBXTargetDependency section */

/* Begin XCBuildConfiguration section */
		6349585B2F7C17CA00622982 /* Debug */ = {
			isa = XCBuildConfiguration;
			baseConfigurationReference = 7A0000112F7C30000000XCD1 /* Debug.xcconfig */;
			buildSettings = {
				ALWAYS_SEARCH_USER_PATHS = NO;
				ASSETCATALOG_COMPILER_GENERATE_SWIFT_ASSET_SYMBOL_EXTENSIONS = YES;
				CLANG_ANALYZER_NONNULL = YES;
				CLANG_ANALYZER_NUMBER_OBJECT_CONVERSION = YES_AGGRESSIVE;
				CLANG_CXX_LANGUAGE_STANDARD = "gnu++20";
				CLANG_ENABLE_MODULES = YES;
				CLANG_ENABLE_OBJC_ARC = YES;
				CLANG_ENABLE_OBJC_WEAK = YES;
				CLANG_WARN_BLOCK_CAPTURE_AUTORELEASING = YES;
				CLANG_WARN_BOOL_CONVERSION = YES;
				CLANG_WARN_COMMA = YES;
				CLANG_WARN_CONSTANT_CONVERSION = YES;
				CLANG_WARN_DEPRECATED_OBJC_IMPLEMENTATIONS = YES;
				CLANG_WARN_DIRECT_OBJC_ISA_USAGE = YES_ERROR;
				CLANG_WARN_DOCUMENTATION_COMMENTS = YES;
				CLANG_WARN_EMPTY_BODY = YES;
				CLANG_WARN_ENUM_CONVERSION = YES;
				CLANG_WARN_INFINITE_RECURSION = YES;
				CLANG_WARN_INT_CONVERSION = YES;
				CLANG_WARN_NON_LITERAL_NULL_CONVERSION = YES;
				CLANG_WARN_OBJC_IMPLICIT_RETAIN_SELF = YES;
				CLANG_WARN_OBJC_LITERAL_CONVERSION = YES;
				CLANG_WARN_OBJC_ROOT_CLASS = YES_ERROR;
				CLANG_WARN_QUOTED_INCLUDE_IN_FRAMEWORK_HEADER = YES;
				CLANG_WARN_RANGE_LOOP_ANALYSIS = YES;
				CLANG_WARN_STRICT_PROTOTYPES = YES;
				CLANG_WARN_SUSPICIOUS_MOVE = YES;
				CLANG_WARN_UNGUARDED_AVAILABILITY = YES_AGGRESSIVE;
				CLANG_WARN_UNREACHABLE_CODE = YES;
				CLANG_WARN__DUPLICATE_METHOD_MATCH = YES;
				COPY_PHASE_STRIP = NO;
				DEBUG_INFORMATION_FORMAT = dwarf;
				DEVELOPMENT_TEAM = 5MSZ62PWK8;
				ENABLE_STRICT_OBJC_MSGSEND = YES;
				ENABLE_TESTABILITY = YES;
				ENABLE_USER_SCRIPT_SANDBOXING = YES;
				GCC_C_LANGUAGE_STANDARD = gnu17;
				GCC_DYNAMIC_NO_PIC = NO;
				GCC_NO_COMMON_BLOCKS = YES;
				GCC_OPTIMIZATION_LEVEL = 0;
				GCC_PREPROCESSOR_DEFINITIONS = (
					"DEBUG=1",
					"$(inherited)",
				);
				GCC_WARN_64_TO_32_BIT_CONVERSION = YES;
				GCC_WARN_ABOUT_RETURN_TYPE = YES_ERROR;
				GCC_WARN_UNDECLARED_SELECTOR = YES;
				GCC_WARN_UNINITIALIZED_AUTOS = YES_AGGRESSIVE;
				GCC_WARN_UNUSED_FUNCTION = YES;
				GCC_WARN_UNUSED_VARIABLE = YES;
				IPHONEOS_DEPLOYMENT_TARGET = 17.0;
				LOCALIZATION_PREFERS_STRING_CATALOGS = YES;
				MTL_ENABLE_DEBUG_INFO = INCLUDE_SOURCE;
				MTL_FAST_MATH = YES;
				ONLY_ACTIVE_ARCH = YES;
				RUN_CLANG_STATIC_ANALYZER = YES;
				SDKROOT = iphoneos;
				SWIFT_ACTIVE_COMPILATION_CONDITIONS = "DEBUG $(inherited)";
				SWIFT_OPTIMIZATION_LEVEL = "-Onone";
			};
			name = Debug;
		};
		6349585C2F7C17CA00622982 /* Release */ = {
			isa = XCBuildConfiguration;
			baseConfigurationReference = 7A0000122F7C30000000XCR1 /* Release.xcconfig */;
			buildSettings = {
				ALWAYS_SEARCH_USER_PATHS = NO;
				ASSETCATALOG_COMPILER_GENERATE_SWIFT_ASSET_SYMBOL_EXTENSIONS = YES;
				CLANG_ANALYZER_NONNULL = YES;
				CLANG_ANALYZER_NUMBER_OBJECT_CONVERSION = YES_AGGRESSIVE;
				CLANG_CXX_LANGUAGE_STANDARD = "gnu++20";
				CLANG_ENABLE_MODULES = YES;
				CLANG_ENABLE_OBJC_ARC = YES;
				CLANG_ENABLE_OBJC_WEAK = YES;
				CLANG_WARN_BLOCK_CAPTURE_AUTORELEASING = YES;
				CLANG_WARN_BOOL_CONVERSION = YES;
				CLANG_WARN_COMMA = YES;
				CLANG_WARN_CONSTANT_CONVERSION = YES;
				CLANG_WARN_DEPRECATED_OBJC_IMPLEMENTATIONS = YES;
				CLANG_WARN_DIRECT_OBJC_ISA_USAGE = YES_ERROR;
				CLANG_WARN_DOCUMENTATION_COMMENTS = YES;
				CLANG_WARN_EMPTY_BODY = YES;
				CLANG_WARN_ENUM_CONVERSION = YES;
				CLANG_WARN_INFINITE_RECURSION = YES;
				CLANG_WARN_INT_CONVERSION = YES;
				CLANG_WARN_NON_LITERAL_NULL_CONVERSION = YES;
				CLANG_WARN_OBJC_IMPLICIT_RETAIN_SELF = YES;
				CLANG_WARN_OBJC_LITERAL_CONVERSION = YES;
				CLANG_WARN_OBJC_ROOT_CLASS = YES_ERROR;
				CLANG_WARN_QUOTED_INCLUDE_IN_FRAMEWORK_HEADER = YES;
				CLANG_WARN_RANGE_LOOP_ANALYSIS = YES;
				CLANG_WARN_STRICT_PROTOTYPES = YES;
				CLANG_WARN_SUSPICIOUS_MOVE = YES;
				CLANG_WARN_UNGUARDED_AVAILABILITY = YES_AGGRESSIVE;
				CLANG_WARN_UNREACHABLE_CODE = YES;
				CLANG_WARN__DUPLICATE_METHOD_MATCH = YES;
				COPY_PHASE_STRIP = NO;
				DEBUG_INFORMATION_FORMAT = "dwarf-with-dsym";
				DEVELOPMENT_TEAM = 5MSZ62PWK8;
				ENABLE_NS_ASSERTIONS = NO;
				ENABLE_STRICT_OBJC_MSGSEND = YES;
				ENABLE_USER_SCRIPT_SANDBOXING = YES;
				GCC_C_LANGUAGE_STANDARD = gnu17;
				GCC_NO_COMMON_BLOCKS = YES;
				GCC_TREAT_WARNINGS_AS_ERRORS = YES;
				GCC_WARN_64_TO_32_BIT_CONVERSION = YES;
				GCC_WARN_ABOUT_RETURN_TYPE = YES_ERROR;
				GCC_WARN_UNDECLARED_SELECTOR = YES;
				GCC_WARN_UNINITIALIZED_AUTOS = YES_AGGRESSIVE;
				GCC_WARN_UNUSED_FUNCTION = YES;
				GCC_WARN_UNUSED_VARIABLE = YES;
				IPHONEOS_DEPLOYMENT_TARGET = 17.0;
				LOCALIZATION_PREFERS_STRING_CATALOGS = YES;
				MTL_ENABLE_DEBUG_INFO = NO;
				MTL_FAST_MATH = YES;
				RUN_CLANG_STATIC_ANALYZER = YES;
				SDKROOT = iphoneos;
				SWIFT_COMPILATION_MODE = wholemodule;
				VALIDATE_PRODUCT = YES;
			};
			name = Release;
		};
		6349585E2F7C17CA00622982 /* Debug */ = {
			isa = XCBuildConfiguration;
			buildSettings = {
				ASSETCATALOG_COMPILER_APPICON_NAME = AppIcon;
				ASSETCATALOG_COMPILER_GLOBAL_ACCENT_COLOR_NAME = AccentColor;
				CODE_SIGN_STYLE = Automatic;
				CURRENT_PROJECT_VERSION = 1;
				DEVELOPMENT_TEAM = 5MSZ62PWK8;
				ENABLE_PREVIEWS = YES;
				GENERATE_INFOPLIST_FILE = NO;
				INFOPLIST_FILE = PairShot/Info.plist;
				LD_RUNPATH_SEARCH_PATHS = (
					"$(inherited)",
					"@executable_path/Frameworks",
				);
				MARKETING_VERSION = 1.2.3;
				OTHER_SWIFT_FLAGS = "$(inherited) -Xfrontend -warn-long-function-bodies=200 -Xfrontend -warn-long-expression-type-checking=200 -Xcc -Wno-incomplete-umbrella";
				PRODUCT_BUNDLE_IDENTIFIER = com.pairshot.PairShot;
				PRODUCT_NAME = "$(TARGET_NAME)";
				STRING_CATALOG_GENERATE_SYMBOLS = YES;
				SWIFT_DEFAULT_ACTOR_ISOLATION = MainActor;
				SWIFT_EMIT_LOC_STRINGS = YES;
				SWIFT_STRICT_CONCURRENCY = complete;
				SWIFT_UPCOMING_FEATURE_MEMBER_IMPORT_VISIBILITY = YES;
				SWIFT_VERSION = 6.2;
				TARGETED_DEVICE_FAMILY = 1;
			};
			name = Debug;
		};
		6349585F2F7C17CA00622982 /* Release */ = {
			isa = XCBuildConfiguration;
			buildSettings = {
				ASSETCATALOG_COMPILER_APPICON_NAME = AppIcon;
				ASSETCATALOG_COMPILER_GLOBAL_ACCENT_COLOR_NAME = AccentColor;
				CODE_SIGN_STYLE = Automatic;
				CURRENT_PROJECT_VERSION = 1;
				DEVELOPMENT_TEAM = 5MSZ62PWK8;
				ENABLE_PREVIEWS = YES;
				GENERATE_INFOPLIST_FILE = NO;
				INFOPLIST_FILE = PairShot/Info.plist;
				LD_RUNPATH_SEARCH_PATHS = (
					"$(inherited)",
					"@executable_path/Frameworks",
				);
				MARKETING_VERSION = 1.2.3;
				OTHER_SWIFT_FLAGS = "$(inherited) -Xfrontend -warn-long-function-bodies=200 -Xfrontend -warn-long-expression-type-checking=200 -Xcc -Wno-incomplete-umbrella";
				PRODUCT_BUNDLE_IDENTIFIER = com.pairshot.PairShot;
				PRODUCT_NAME = "$(TARGET_NAME)";
				STRING_CATALOG_GENERATE_SYMBOLS = YES;
				SWIFT_DEFAULT_ACTOR_ISOLATION = MainActor;
				SWIFT_EMIT_LOC_STRINGS = YES;
				SWIFT_STRICT_CONCURRENCY = complete;
				SWIFT_TREAT_WARNINGS_AS_ERRORS = YES;
				SWIFT_UPCOMING_FEATURE_MEMBER_IMPORT_VISIBILITY = YES;
				SWIFT_VERSION = 6.2;
				TARGETED_DEVICE_FAMILY = 1;
			};
			name = Release;
		};
		63FED3542FB1D1FA0015F664 /* Debug */ = {
			isa = XCBuildConfiguration;
			buildSettings = {
				BUNDLE_LOADER = "$(TEST_HOST)";
				CODE_SIGN_STYLE = Automatic;
				CURRENT_PROJECT_VERSION = 1;
				DEVELOPMENT_TEAM = 5MSZ62PWK8;
				GENERATE_INFOPLIST_FILE = YES;
				IPHONEOS_DEPLOYMENT_TARGET = 17.0;
				MARKETING_VERSION = 1.2.3;
				PRODUCT_BUNDLE_IDENTIFIER = com.pairshot.PairShotTests;
				PRODUCT_NAME = "$(TARGET_NAME)";
				STRING_CATALOG_GENERATE_SYMBOLS = NO;
				SWIFT_APPROACHABLE_CONCURRENCY = YES;
				SWIFT_EMIT_LOC_STRINGS = NO;
				SWIFT_TREAT_WARNINGS_AS_ERRORS = NO;
				SWIFT_UPCOMING_FEATURE_MEMBER_IMPORT_VISIBILITY = YES;
				SWIFT_VERSION = 6.2;
				TARGETED_DEVICE_FAMILY = 1;
				TEST_HOST = "$(BUILT_PRODUCTS_DIR)/PairShot.app/$(BUNDLE_EXECUTABLE_FOLDER_PATH)/PairShot";
			};
			name = Debug;
		};
		63FED3552FB1D1FA0015F664 /* Release */ = {
			isa = XCBuildConfiguration;
			buildSettings = {
				BUNDLE_LOADER = "$(TEST_HOST)";
				CODE_SIGN_STYLE = Automatic;
				CURRENT_PROJECT_VERSION = 1;
				DEVELOPMENT_TEAM = 5MSZ62PWK8;
				GENERATE_INFOPLIST_FILE = YES;
				IPHONEOS_DEPLOYMENT_TARGET = 17.0;
				MARKETING_VERSION = 1.2.3;
				PRODUCT_BUNDLE_IDENTIFIER = com.pairshot.PairShotTests;
				PRODUCT_NAME = "$(TARGET_NAME)";
				STRING_CATALOG_GENERATE_SYMBOLS = NO;
				SWIFT_APPROACHABLE_CONCURRENCY = YES;
				SWIFT_EMIT_LOC_STRINGS = NO;
				SWIFT_TREAT_WARNINGS_AS_ERRORS = NO;
				SWIFT_UPCOMING_FEATURE_MEMBER_IMPORT_VISIBILITY = YES;
				SWIFT_VERSION = 6.2;
				TARGETED_DEVICE_FAMILY = 1;
				TEST_HOST = "$(BUILT_PRODUCTS_DIR)/PairShot.app/$(BUNDLE_EXECUTABLE_FOLDER_PATH)/PairShot";
			};
			name = Release;
		};
/* End XCBuildConfiguration section */

/* Begin XCConfigurationList section */
		634958352F7C17C900622982 /* Build configuration list for PBXProject "PairShot" */ = {
			isa = XCConfigurationList;
			buildConfigurations = (
				6349585B2F7C17CA00622982 /* Debug */,
				6349585C2F7C17CA00622982 /* Release */,
			);
			defaultConfigurationIsVisible = 0;
			defaultConfigurationName = Release;
		};
		6349585D2F7C17CA00622982 /* Build configuration list for PBXNativeTarget "PairShot" */ = {
			isa = XCConfigurationList;
			buildConfigurations = (
				6349585E2F7C17CA00622982 /* Debug */,
				6349585F2F7C17CA00622982 /* Release */,
			);
			defaultConfigurationIsVisible = 0;
			defaultConfigurationName = Release;
		};
		63FED3532FB1D1FA0015F664 /* Build configuration list for PBXNativeTarget "PairShotTests" */ = {
			isa = XCConfigurationList;
			buildConfigurations = (
				63FED3542FB1D1FA0015F664 /* Debug */,
				63FED3552FB1D1FA0015F664 /* Release */,
			);
			defaultConfigurationIsVisible = 0;
			defaultConfigurationName = Release;
		};
/* End XCConfigurationList section */

/* Begin XCRemoteSwiftPackageReference section */
		6349589C2F7C17CA00622982 /* XCRemoteSwiftPackageReference "swift-package-manager-google-mobile-ads" */ = {
			isa = XCRemoteSwiftPackageReference;
			repositoryURL = "https://github.com/googleads/swift-package-manager-google-mobile-ads.git";
			requirement = {
				kind = upToNextMajorVersion;
				minimumVersion = 13.0.0;
			};
		};
		7A0000032F7C20000000ZIP3 /* XCRemoteSwiftPackageReference "ZIPFoundation" */ = {
			isa = XCRemoteSwiftPackageReference;
			repositoryURL = "https://github.com/weichsel/ZIPFoundation.git";
			requirement = {
				kind = upToNextMajorVersion;
				minimumVersion = 0.9.0;
			};
		};
		7B11AAA32FB0972000F0894C /* XCRemoteSwiftPackageReference "swift-package-manager-google-user-messaging-platform" */ = {
			isa = XCRemoteSwiftPackageReference;
			repositoryURL = "https://github.com/googleads/swift-package-manager-google-user-messaging-platform.git";
			requirement = {
				kind = upToNextMajorVersion;
				minimumVersion = 3.0.0;
			};
		};
/* End XCRemoteSwiftPackageReference section */

/* Begin XCSwiftPackageProductDependency section */
		6349589B2F7C17CA00622982 /* GoogleMobileAds */ = {
			isa = XCSwiftPackageProductDependency;
			package = 6349589C2F7C17CA00622982 /* XCRemoteSwiftPackageReference "swift-package-manager-google-mobile-ads" */;
			productName = GoogleMobileAds;
		};
		7A0000022F7C20000000ZIP2 /* ZIPFoundation */ = {
			isa = XCSwiftPackageProductDependency;
			package = 7A0000032F7C20000000ZIP3 /* XCRemoteSwiftPackageReference "ZIPFoundation" */;
			productName = ZIPFoundation;
		};
		7B11AAA22FB0972000F0894C /* GoogleUserMessagingPlatform */ = {
			isa = XCSwiftPackageProductDependency;
			package = 7B11AAA32FB0972000F0894C /* XCRemoteSwiftPackageReference "swift-package-manager-google-user-messaging-platform" */;
			productName = GoogleUserMessagingPlatform;
		};
/* End XCSwiftPackageProductDependency section */
	};
	rootObject = 634958322F7C17C900622982 /* Project object */;
}
